{
  "name": "stipple",
  "version": "0.0.1",
  "lockfileVersion": 1,
  "requires": true,
  "dependencies": {
    "@types/delaunator": {
      "version": "3.0.0",
      "resolved": "https://registry.npmjs.org/@types/delaunator/-/delaunator-3.0.0.tgz",
      "integrity": "sha512-x8XXE/QqXUPafkqFXeJCQCq/S81IW/t49Nnhgx3yKmGwL89qFRxnXn5qtcil9GO3gVkjGy4SwgacOjCN1B6b7w==",
      "dev": true
    },
    "delaunator": {
      "version": "4.0.1",
      "resolved": "https://registry.npmjs.org/delaunator/-/delaunator-4.0.1.tgz",
      "integrity": "sha512-WNPWi1IRKZfCt/qIDMfERkDp93+iZEmOxN2yy4Jg+Xhv8SLk2UTqqbe1sfiipn0and9QrE914/ihdx82Y/Giag==",
      "dev": true
    },
    "typescript": {
      "version": "3.8.3",
      "resolved": "https://registry.npmjs.org/typescript/-/typescript-3.8.3.tgz",
      "integrity": "sha512-MYlEfn5VrLNsgudQTVJeNaQFUAI7DkhnOjdpAp4T+ku1TfQClewlbSuTVHiA+8skNBgaf02TL/kLOvig4y3G8w==",
      "dev": true
    }
  }
}
